{
  "name": "dependency-injection-4nodejs",
  "version": "1.0.0",
  "lockfileVersion": 1,
  "requires": true,
  "dependencies": {
    "line-number": {
      "version": "0.1.0",
      "resolved": "https://registry.npmjs.org/line-number/-/line-number-0.1.0.tgz",
      "integrity": "sha1-1khiBd8UXJIuAo5mfl254wC6ZFM="
    }
  }
}
